
Microsoft Visual Studio Solution File, Format Version 12.00
# Visual Studio 15
VisualStudioVersion = 15.0.28307.106
MinimumVisualStudioVersion = 10.0.40219.1
Project("{FAE04EC0-301F-11D3-BF4B-00C04F79EFBC}") = "Data", "..\Data\Data.csproj", "{301039D5-2C5C-432D-9633-01F71072E190}"
EndProject
Project("{FAE04EC0-301F-11D3-BF4B-00C04F79EFBC}") = "Data212", "Data212\Data212.csproj", "{F737C93F-14AC-4594-B080-C7E3AD99C2BF}"
EndProject
Project("{FAE04EC0-301F-11D3-BF4B-00C04F79EFBC}") = "Data212UnitTests", "Data212UnitTests\Data212UnitTests.csproj", "{802CC8E0-F30A-40AD-9715-D119609DFDA1}"
EndProject
Project("{FAE04EC0-301F-11D3-BF4B-00C04F79EFBC}") = "DataUnitTests", "DataUnitTests\DataUnitTests.csproj", "{E8DAE7AD-188E-409E-AA2A-DD7F0817653B}"
EndProject
Global
	GlobalSection(SolutionConfigurationPlatforms) = preSolution
		Debug|Any CPU = Debug|Any CPU
		Release|Any CPU = Release|Any CPU
	EndGlobalSection
	GlobalSection(ProjectConfigurationPlatforms) = postSolution
		{301039D5-2C5C-432D-9633-01F71072E190}.Debug|Any CPU.ActiveCfg = Debug|Any CPU
		{301039D5-2C5C-432D-9633-01F71072E190}.Debug|Any CPU.Build.0 = Debug|Any CPU
		{301039D5-2C5C-432D-9633-01F71072E190}.Release|Any CPU.ActiveCfg = Release|Any CPU
		{301039D5-2C5C-432D-9633-01F71072E190}.Release|Any CPU.Build.0 = Release|Any CPU
		{F737C93F-14AC-4594-B080-C7E3AD99C2BF}.Debug|Any CPU.ActiveCfg = Debug|Any CPU
		{F737C93F-14AC-4594-B080-C7E3AD99C2BF}.Debug|Any CPU.Build.0 = Debug|Any CPU
		{F737C93F-14AC-4594-B080-C7E3AD99C2BF}.Release|Any CPU.ActiveCfg = Release|Any CPU
		{F737C93F-14AC-4594-B080-C7E3AD99C2BF}.Release|Any CPU.Build.0 = Release|Any CPU
		{802CC8E0-F30A-40AD-9715-D119609DFDA1}.Debug|Any CPU.ActiveCfg = Debug|Any CPU
		{802CC8E0-F30A-40AD-9715-D119609DFDA1}.Debug|Any CPU.Build.0 = Debug|Any CPU
		{802CC8E0-F30A-40AD-9715-D119609DFDA1}.Release|Any CPU.ActiveCfg = Release|Any CPU
		{802CC8E0-F30A-40AD-9715-D119609DFDA1}.Release|Any CPU.Build.0 = Release|Any CPU
		{E8DAE7AD-188E-409E-AA2A-DD7F0817653B}.Debug|Any CPU.ActiveCfg = Debug|Any CPU
		{E8DAE7AD-188E-409E-AA2A-DD7F0817653B}.Debug|Any CPU.Build.0 = Debug|Any CPU
		{E8DAE7AD-188E-409E-AA2A-DD7F0817653B}.Release|Any CPU.ActiveCfg = Release|Any CPU
		{E8DAE7AD-188E-409E-AA2A-DD7F0817653B}.Release|Any CPU.Build.0 = Release|Any CPU
	EndGlobalSection
	GlobalSection(SolutionProperties) = preSolution
		HideSolutionNode = FALSE
	EndGlobalSection
	GlobalSection(ExtensibilityGlobals) = postSolution
		SolutionGuid = {06AA6D93-5983-4A77-A7B5-290D85C56534}
	EndGlobalSection
EndGlobal
